// !$*UTF8*$!
{
	archiveVersion = 1;
	classes = {
	};
	objectVersion = 56;
	objects = {

/* Begin PBXBuildFile section */
		F66085CB29F6A94300A39D5A /* GradientsView.swift in Sources */ = {isa = PBXBuildFile; fileRef = F66085CA29F6A94300A39D5A /* GradientsView.swift */; };
		F66B181D29EBF3AE0019C201 /* AppDelegate.swift in Sources */ = {isa = PBXBuildFile; fileRef = F66B181C29EBF3AE0019C201 /* AppDelegate.swift */; };
		F66B181F29EBF3AE0019C201 /* SceneDelegate.swift in Sources */ = {isa = PBXBuildFile; fileRef = F66B181E29EBF3AE0019C201 /* SceneDelegate.swift */; };
		F66B182129EBF3AE0019C201 /* ViewController.swift in Sources */ = {isa = PBXBuildFile; fileRef = F66B182029EBF3AE0019C201 /* ViewController.swift */; };
		F66B182429EBF3AE0019C201 /* Main.storyboard in Resources */ = {isa = PBXBuildFile; fileRef = F66B182229EBF3AE0019C201 /* Main.storyboard */; };
		F66B182629EBF3AF0019C201 /* Assets.xcassets in Resources */ = {isa = PBXBuildFile; fileRef = F66B182529EBF3AF0019C201 /* Assets.xcassets */; };
		F66B182929EBF3AF0019C201 /* LaunchScreen.storyboard in Resources */ = {isa = PBXBuildFile; fileRef = F66B182729EBF3AF0019C201 /* LaunchScreen.storyboard */; };
		F66B183229EBFFD00019C201 /* RotatingBlinkingButton.swift in Sources */ = {isa = PBXBuildFile; fileRef = F66B183129EBFFCF0019C201 /* RotatingBlinkingButton.swift */; };
		F676A6C829FC078700EF5D52 /* GraphView.swift in Sources */ = {isa = PBXBuildFile; fileRef = F676A6C729FC078700EF5D52 /* GraphView.swift */; };
		F676A6CA29FC081400EF5D52 /* GraphViewController.swift in Sources */ = {isa = PBXBuildFile; fileRef = F676A6C929FC081400EF5D52 /* GraphViewController.swift */; };
		F6D2B07129EC480600E355FE /* CircleView.swift in Sources */ = {isa = PBXBuildFile; fileRef = F6D2B07029EC480600E355FE /* CircleView.swift */; };
/* End PBXBuildFile section */

/* Begin PBXFileReference section */
		F66085CA29F6A94300A39D5A /* GradientsView.swift */ = {isa = PBXFileReference; lastKnownFileType = sourcecode.swift; path = GradientsView.swift; sourceTree = "<group>"; };
		F66B181929EBF3AE0019C201 /* Study CoreGraphics.app */ = {isa = PBXFileReference; explicitFileType = wrapper.application; includeInIndex = 0; path = "Study CoreGraphics.app"; sourceTree = BUILT_PRODUCTS_DIR; };
		F66B181C29EBF3AE0019C201 /* AppDelegate.swift */ = {isa = PBXFileReference; lastKnownFileType = sourcecode.swift; path = AppDelegate.swift; sourceTree = "<group>"; };
		F66B181E29EBF3AE0019C201 /* SceneDelegate.swift */ = {isa = PBXFileReference; lastKnownFileType = sourcecode.swift; path = SceneDelegate.swift; sourceTree = "<group>"; };
		F66B182029EBF3AE0019C201 /* ViewController.swift */ = {isa = PBXFileReference; lastKnownFileType = sourcecode.swift; path = ViewController.swift; sourceTree = "<group>"; };
		F66B182329EBF3AE0019C201 /* Base */ = {isa = PBXFileReference; lastKnownFileType = file.storyboard; name = Base; path = Base.lproj/Main.storyboard; sourceTree = "<group>"; };
		F66B182529EBF3AF0019C201 /* Assets.xcassets */ = {isa = PBXFileReference; lastKnownFileType = folder.assetcatalog; path = Assets.xcassets; sourceTree = "<group>"; };
		F66B182829EBF3AF0019C201 /* Base */ = {isa = PBXFileReference; lastKnownFileType = file.storyboard; name = Base; path = Base.lproj/LaunchScreen.storyboard; sourceTree = "<group>"; };
		F66B182A29EBF3AF0019C201 /* Info.plist */ = {isa = PBXFileReference; lastKnownFileType = text.plist.xml; path = Info.plist; sourceTree = "<group>"; };
		F66B183129EBFFCF0019C201 /* RotatingBlinkingButton.swift */ = {isa = PBXFileReference; lastKnownFileType = sourcecode.swift; path = RotatingBlinkingButton.swift; sourceTree = "<group>"; };
		F676A6C729FC078700EF5D52 /* GraphView.swift */ = {isa = PBXFileReference; lastKnownFileType = sourcecode.swift; path = GraphView.swift; sourceTree = "<group>"; };
		F676A6C929FC081400EF5D52 /* GraphViewController.swift */ = {isa = PBXFileReference; lastKnownFileType = sourcecode.swift; path = GraphViewController.swift; sourceTree = "<group>"; };
		F6D2B07029EC480600E355FE /* CircleView.swift */ = {isa = PBXFileReference; lastKnownFileType = sourcecode.swift; path = CircleView.swift; sourceTree = "<group>"; };
/* End PBXFileReference section */

/* Begin PBXFrameworksBuildPhase section */
		F66B181629EBF3AE0019C201 /* Frameworks */ = {
			isa = PBXFrameworksBuildPhase;
			buildActionMask = 2147483647;
			files = (
			);
			runOnlyForDeploymentPostprocessing = 0;
		};
/* End PBXFrameworksBuildPhase section */

/* Begin PBXGroup section */
		F66B181029EBF3AE0019C201 = {
			isa = PBXGroup;
			children = (
				F66B181B29EBF3AE0019C201 /* Study CoreGraphics */,
				F66B181A29EBF3AE0019C201 /* Products */,
			);
			sourceTree = "<group>";
		};
		F66B181A29EBF3AE0019C201 /* Products */ = {
			isa = PBXGroup;
			children = (
				F66B181929EBF3AE0019C201 /* Study CoreGraphics.app */,
			);
			name = Products;
			sourceTree = "<group>";
		};
		F66B181B29EBF3AE0019C201 /* Study CoreGraphics */ = {
			isa = PBXGroup;
			children = (
				F66B183029EBF3BB0019C201 /* View */,
				F66B181C29EBF3AE0019C201 /* AppDelegate.swift */,
				F66B181E29EBF3AE0019C201 /* SceneDelegate.swift */,
				F66B182029EBF3AE0019C201 /* ViewController.swift */,
				F676A6C929FC081400EF5D52 /* GraphViewController.swift */,
				F66B182229EBF3AE0019C201 /* Main.storyboard */,
				F66B182529EBF3AF0019C201 /* Assets.xcassets */,
				F66B182729EBF3AF0019C201 /* LaunchScreen.storyboard */,
				F66B182A29EBF3AF0019C201 /* Info.plist */,
			);
			path = "Study CoreGraphics";
			sourceTree = "<group>";
		};
		F66B183029EBF3BB0019C201 /* View */ = {
			isa = PBXGroup;
			children = (
				F66B183129EBFFCF0019C201 /* RotatingBlinkingButton.swift */,
				F6D2B07029EC480600E355FE /* CircleView.swift */,
				F66085CA29F6A94300A39D5A /* GradientsView.swift */,
				F676A6C729FC078700EF5D52 /* GraphView.swift */,
			);
			path = View;
			sourceTree = "<group>";
		};
/* End PBXGroup section */

/* Begin PBXNativeTarget section */
		F66B181829EBF3AE0019C201 /* Study CoreGraphics */ = {
			isa = PBXNativeTarget;
			buildConfigurationList = F66B182D29EBF3AF0019C201 /* Build configuration list for PBXNativeTarget "Study CoreGraphics" */;
			buildPhases = (
				F66B181529EBF3AE0019C201 /* Sources */,
				F66B181629EBF3AE0019C201 /* Frameworks */,
				F66B181729EBF3AE0019C201 /* Resources */,
			);
			buildRules = (
			);
			dependencies = (
			);
			name = "Study CoreGraphics";
			productName = "Study CoreGraphics";
			productReference = F66B181929EBF3AE0019C201 /* Study CoreGraphics.app */;
			productType = "com.apple.product-type.application";
		};
/* End PBXNativeTarget section */

/* Begin PBXProject section */
		F66B181129EBF3AE0019C201 /* Project object */ = {
			isa = PBXProject;
			attributes = {
				BuildIndependentTargetsInParallel = 1;
				LastSwiftUpdateCheck = 1430;
				LastUpgradeCheck = 1430;
				TargetAttributes = {
					F66B181829EBF3AE0019C201 = {
						CreatedOnToolsVersion = 14.3;
					};
				};
			};
			buildConfigurationList = F66B181429EBF3AE0019C201 /* Build configuration list for PBXProject "Study CoreGraphics" */;
			compatibilityVersion = "Xcode 14.0";
			developmentRegion = en;
			hasScannedForEncodings = 0;
			knownRegions = (
				en,
				Base,
			);
			mainGroup = F66B181029EBF3AE0019C201;
			productRefGroup = F66B181A29EBF3AE0019C201 /* Products */;
			projectDirPath = "";
			projectRoot = "";
			targets = (
				F66B181829EBF3AE0019C201 /* Study CoreGraphics */,
			);
		};
/* End PBXProject section */

/* Begin PBXResourcesBuildPhase section */
		F66B181729EBF3AE0019C201 /* Resources */ = {
			isa = PBXResourcesBuildPhase;
			buildActionMask = 2147483647;
			files = (
				F66B182929EBF3AF0019C201 /* LaunchScreen.storyboard in Resources */,
				F66B182629EBF3AF0019C201 /* Assets.xcassets in Resources */,
				F66B182429EBF3AE0019C201 /* Main.storyboard in Resources */,
			);
			runOnlyForDeploymentPostprocessing = 0;
		};
/* End PBXResourcesBuildPhase section */

/* Begin PBXSourcesBuildPhase section */
		F66B181529EBF3AE0019C201 /* Sources */ = {
			isa = PBXSourcesBuildPhase;
			buildActionMask = 2147483647;
			files = (
				F66085CB29F6A94300A39D5A /* GradientsView.swift in Sources */,
				F66B182129EBF3AE0019C201 /* ViewController.swift in Sources */,
				F676A6C829FC078700EF5D52 /* GraphView.swift in Sources */,
				F6D2B07129EC480600E355FE /* CircleView.swift in Sources */,
				F66B183229EBFFD00019C201 /* RotatingBlinkingButton.swift in Sources */,
				F676A6CA29FC081400EF5D52 /* GraphViewController.swift in Sources */,
				F66B181D29EBF3AE0019C201 /* AppDelegate.swift in Sources */,
				F66B181F29EBF3AE0019C201 /* SceneDelegate.swift in Sources */,
			);
			runOnlyForDeploymentPostprocessing = 0;
		};
/* End PBXSourcesBuildPhase section */

/* Begin PBXVariantGroup section */
		F66B182229EBF3AE0019C201 /* Main.storyboard */ = {
			isa = PBXVariantGroup;
			children = (
				F66B182329EBF3AE0019C201 /* Base */,
			);
			name = Main.storyboard;
			sourceTree = "<group>";
		};
		F66B182729EBF3AF0019C201 /* LaunchScreen.storyboard */ = {
			isa = PBXVariantGroup;
			children = (
				F66B182829EBF3AF0019C201 /* Base */,
			);
			name = LaunchScreen.storyboard;
			sourceTree = "<group>";
		};
/* End PBXVariantGroup section */

/* Begin XCBuildConfiguration section */
		F66B182B29EBF3AF0019C201 /* Debug */ = {
			isa = XCBuildConfiguration;
			buildSettings = {
				ALWAYS_SEARCH_USER_PATHS = NO;
				CLANG_ANALYZER_NONNULL = YES;
				CLANG_ANALYZER_NUMBER_OBJECT_CONVERSION = YES_AGGRESSIVE;
				CLANG_CXX_LANGUAGE_STANDARD = "gnu++20";
				CLANG_ENABLE_MODULES = YES;
				CLANG_ENABLE_OBJC_ARC = YES;
				CLANG_ENABLE_OBJC_WEAK = YES;
				CLANG_WARN_BLOCK_CAPTURE_AUTORELEASING = YES;
				CLANG_WARN_BOOL_CONVERSION = YES;
				CLANG_WARN_COMMA = YES;
				CLANG_WARN_CONSTANT_CONVERSION = YES;
				CLANG_WARN_DEPRECATED_OBJC_IMPLEMENTATIONS = YES;
				CLANG_WARN_DIRECT_OBJC_ISA_USAGE = YES_ERROR;
				CLANG_WARN_DOCUMENTATION_COMMENTS = YES;
				CLANG_WARN_EMPTY_BODY = YES;
				CLANG_WARN_ENUM_CONVERSION = YES;
				CLANG_WARN_INFINITE_RECURSION = YES;
				CLANG_WARN_INT_CONVERSION = YES;
				CLANG_WARN_NON_LITERAL_NULL_CONVERSION = YES;
				CLANG_WARN_OBJC_IMPLICIT_RETAIN_SELF = YES;
				CLANG_WARN_OBJC_LITERAL_CONVERSION = YES;
				CLANG_WARN_OBJC_ROOT_CLASS = YES_ERROR;
				CLANG_WARN_QUOTED_INCLUDE_IN_FRAMEWORK_HEADER = YES;
				CLANG_WARN_RANGE_LOOP_ANALYSIS = YES;
				CLANG_WARN_STRICT_PROTOTYPES = YES;
				CLANG_WARN_SUSPICIOUS_MOVE = YES;
				CLANG_WARN_UNGUARDED_AVAILABILITY = YES_AGGRESSIVE;
				CLANG_WARN_UNREACHABLE_CODE = YES;
				CLANG_WARN__DUPLICATE_METHOD_MATCH = YES;
				COPY_PHASE_STRIP = NO;
				DEBUG_INFORMATION_FORMAT = dwarf;
				ENABLE_STRICT_OBJC_MSGSEND = YES;
				ENABLE_TESTABILITY = YES;
				GCC_C_LANGUAGE_STANDARD = gnu11;
				GCC_DYNAMIC_NO_PIC = NO;
				GCC_NO_COMMON_BLOCKS = YES;
				GCC_OPTIMIZATION_LEVEL = 0;
				GCC_PREPROCESSOR_DEFINITIONS = (
					"DEBUG=1",
					"$(inherited)",
				);
				GCC_WARN_64_TO_32_BIT_CONVERSION = YES;
				GCC_WARN_ABOUT_RETURN_TYPE = YES_ERROR;
				GCC_WARN_UNDECLARED_SELECTOR = YES;
				GCC_WARN_UNINITIALIZED_AUTOS = YES_AGGRESSIVE;
				GCC_WARN_UNUSED_FUNCTION = YES;
				GCC_WARN_UNUSED_VARIABLE = YES;
				IPHONEOS_DEPLOYMENT_TARGET = 16.4;
				MTL_ENABLE_DEBUG_INFO = INCLUDE_SOURCE;
				MTL_FAST_MATH = YES;
				ONLY_ACTIVE_ARCH = YES;
				SDKROOT = iphoneos;
				SWIFT_ACTIVE_COMPILATION_CONDITIONS = DEBUG;
				SWIFT_OPTIMIZATION_LEVEL = "-Onone";
			};
			name = Debug;
		};
		F66B182C29EBF3AF0019C201 /* Release */ = {
			isa = XCBuildConfiguration;
			buildSettings = {
				ALWAYS_SEARCH_USER_PATHS = NO;
				CLANG_ANALYZER_NONNULL = YES;
				CLANG_ANALYZER_NUMBER_OBJECT_CONVERSION = YES_AGGRESSIVE;
				CLANG_CXX_LANGUAGE_STANDARD = "gnu++20";
				CLANG_ENABLE_MODULES = YES;
				CLANG_ENABLE_OBJC_ARC = YES;
				CLANG_ENABLE_OBJC_WEAK = YES;
				CLANG_WARN_BLOCK_CAPTURE_AUTORELEASING = YES;
				CLANG_WARN_BOOL_CONVERSION = YES;
				CLANG_WARN_COMMA = YES;
				CLANG_WARN_CONSTANT_CONVERSION = YES;
				CLANG_WARN_DEPRECATED_OBJC_IMPLEMENTATIONS = YES;
				CLANG_WARN_DIRECT_OBJC_ISA_USAGE = YES_ERROR;
				CLANG_WARN_DOCUMENTATION_COMMENTS = YES;
				CLANG_WARN_EMPTY_BODY = YES;
				CLANG_WARN_ENUM_CONVERSION = YES;
				CLANG_WARN_INFINITE_RECURSION = YES;
				CLANG_WARN_INT_CONVERSION = YES;
				CLANG_WARN_NON_LITERAL_NULL_CONVERSION = YES;
				CLANG_WARN_OBJC_IMPLICIT_RETAIN_SELF = YES;
				CLANG_WARN_OBJC_LITERAL_CONVERSION = YES;
				CLANG_WARN_OBJC_ROOT_CLASS = YES_ERROR;
				CLANG_WARN_QUOTED_INCLUDE_IN_FRAMEWORK_HEADER = YES;
				CLANG_WARN_RANGE_LOOP_ANALYSIS = YES;
				CLANG_WARN_STRICT_PROTOTYPES = YES;
				CLANG_WARN_SUSPICIOUS_MOVE = YES;
				CLANG_WARN_UNGUARDED_AVAILABILITY = YES_AGGRESSIVE;
				CLANG_WARN_UNREACHABLE_CODE = YES;
				CLANG_WARN__DUPLICATE_METHOD_MATCH = YES;
				COPY_PHASE_STRIP = NO;
				DEBUG_INFORMATION_FORMAT = "dwarf-with-dsym";
				ENABLE_NS_ASSERTIONS = NO;
				ENABLE_STRICT_OBJC_MSGSEND = YES;
				GCC_C_LANGUAGE_STANDARD = gnu11;
				GCC_NO_COMMON_BLOCKS = YES;
				GCC_WARN_64_TO_32_BIT_CONVERSION = YES;
				GCC_WARN_ABOUT_RETURN_TYPE = YES_ERROR;
				GCC_WARN_UNDECLARED_SELECTOR = YES;
				GCC_WARN_UNINITIALIZED_AUTOS = YES_AGGRESSIVE;
				GCC_WARN_UNUSED_FUNCTION = YES;
				GCC_WARN_UNUSED_VARIABLE = YES;
				IPHONEOS_DEPLOYMENT_TARGET = 16.4;
				MTL_ENABLE_DEBUG_INFO = NO;
				MTL_FAST_MATH = YES;
				SDKROOT = iphoneos;
				SWIFT_COMPILATION_MODE = wholemodule;
				SWIFT_OPTIMIZATION_LEVEL = "-O";
				VALIDATE_PRODUCT = YES;
			};
			name = Release;
		};
		F66B182E29EBF3AF0019C201 /* Debug */ = {
			isa = XCBuildConfiguration;
			buildSettings = {
				ASSETCATALOG_COMPILER_APPICON_NAME = AppIcon;
				ASSETCATALOG_COMPILER_GLOBAL_ACCENT_COLOR_NAME = AccentColor;
				CODE_SIGN_STYLE = Automatic;
				CURRENT_PROJECT_VERSION = 1;
				GENERATE_INFOPLIST_FILE = YES;
				INFOPLIST_FILE = "Study CoreGraphics/Info.plist";
				INFOPLIST_KEY_UIApplicationSupportsIndirectInputEvents = YES;
				INFOPLIST_KEY_UILaunchStoryboardName = LaunchScreen;
				INFOPLIST_KEY_UIMainStoryboardFile = Main;
				INFOPLIST_KEY_UISupportedInterfaceOrientations_iPad = "UIInterfaceOrientationPortrait UIInterfaceOrientationPortraitUpsideDown UIInterfaceOrientationLandscapeLeft UIInterfaceOrientationLandscapeRight";
				INFOPLIST_KEY_UISupportedInterfaceOrientations_iPhone = "UIInterfaceOrientationPortrait UIInterfaceOrientationLandscapeLeft UIInterfaceOrientationLandscapeRight";
				LD_RUNPATH_SEARCH_PATHS = (
					"$(inherited)",
					"@executable_path/Frameworks",
				);
				MARKETING_VERSION = 1.0;
				PRODUCT_BUNDLE_IDENTIFIER = "ooj.Study-CoreGraphics";
				PRODUCT_NAME = "$(TARGET_NAME)";
				SWIFT_EMIT_LOC_STRINGS = YES;
				SWIFT_VERSION = 5.0;
				TARGETED_DEVICE_FAMILY = "1,2";
			};
			name = Debug;
		};
		F66B182F29EBF3AF0019C201 /* Release */ = {
			isa = XCBuildConfiguration;
			buildSettings = {
				ASSETCATALOG_COMPILER_APPICON_NAME = AppIcon;
				ASSETCATALOG_COMPILER_GLOBAL_ACCENT_COLOR_NAME = AccentColor;
				CODE_SIGN_STYLE = Automatic;
				CURRENT_PROJECT_VERSION = 1;
				GENERATE_INFOPLIST_FILE = YES;
				INFOPLIST_FILE = "Study CoreGraphics/Info.plist";
				INFOPLIST_KEY_UIApplicationSupportsIndirectInputEvents = YES;
				INFOPLIST_KEY_UILaunchStoryboardName = LaunchScreen;
				INFOPLIST_KEY_UIMainStoryboardFile = Main;
				INFOPLIST_KEY_UISupportedInterfaceOrientations_iPad = "UIInterfaceOrientationPortrait UIInterfaceOrientationPortraitUpsideDown UIInterfaceOrientationLandscapeLeft UIInterfaceOrientationLandscapeRight";
				INFOPLIST_KEY_UISupportedInterfaceOrientations_iPhone = "UIInterfaceOrientationPortrait UIInterfaceOrientationLandscapeLeft UIInterfaceOrientationLandscapeRight";
				LD_RUNPATH_SEARCH_PATHS = (
					"$(inherited)",
					"@executable_path/Frameworks",
				);
				MARKETING_VERSION = 1.0;
				PRODUCT_BUNDLE_IDENTIFIER = "ooj.Study-CoreGraphics";
				PRODUCT_NAME = "$(TARGET_NAME)";
				SWIFT_EMIT_LOC_STRINGS = YES;
				SWIFT_VERSION = 5.0;
				TARGETED_DEVICE_FAMILY = "1,2";
			};
			name = Release;
		};
/* End XCBuildConfiguration section */

/* Begin XCConfigurationList section */
		F66B181429EBF3AE0019C201 /* Build configuration list for PBXProject "Study CoreGraphics" */ = {
			isa = XCConfigurationList;
			buildConfigurations = (
				F66B182B29EBF3AF0019C201 /* Debug */,
				F66B182C29EBF3AF0019C201 /* Release */,
			);
			defaultConfigurationIsVisible = 0;
			defaultConfigurationName = Release;
		};
		F66B182D29EBF3AF0019C201 /* Build configuration list for PBXNativeTarget "Study CoreGraphics" */ = {
			isa = XCConfigurationList;
			buildConfigurations = (
				F66B182E29EBF3AF0019C201 /* Debug */,
				F66B182F29EBF3AF0019C201 /* Release */,
			);
			defaultConfigurationIsVisible = 0;
			defaultConfigurationName = Release;
		};
/* End XCConfigurationList section */
	};
	rootObject = F66B181129EBF3AE0019C201 /* Project object */;
}
